
Microsoft Visual Studio Solution File, Format Version 12.00
Project("{FAE04EC0-301F-11D3-BF4B-00C04F79EFBC}") = "CrawlerConsole", "CrawlerConsole\CrawlerConsole.csproj", "{11402BD2-8EE9-4E43-91EF-A8E54D2B3827}"
EndProject
Global
	GlobalSection(SolutionConfigurationPlatforms) = preSolution
		Debug|Any CPU = Debug|Any CPU
		Release|Any CPU = Release|Any CPU
	EndGlobalSection
	GlobalSection(ProjectConfigurationPlatforms) = postSolution
		{11402BD2-8EE9-4E43-91EF-A8E54D2B3827}.Debug|Any CPU.ActiveCfg = Debug|Any CPU
		{11402BD2-8EE9-4E43-91EF-A8E54D2B3827}.Debug|Any CPU.Build.0 = Debug|Any CPU
		{11402BD2-8EE9-4E43-91EF-A8E54D2B3827}.Release|Any CPU.ActiveCfg = Release|Any CPU
		{11402BD2-8EE9-4E43-91EF-A8E54D2B3827}.Release|Any CPU.Build.0 = Release|Any CPU
	EndGlobalSection
EndGlobal
